
Microsoft Visual Studio Solution File, Format Version 12.00
# Visual Studio Version 17
VisualStudioVersion = 17.5.33516.290
MinimumVisualStudioVersion = 10.0.40219.1
Project("{FAE04EC0-301F-11D3-BF4B-00C04F79EFBC}") = "OperatorsAssignment", "OperatorsAssignment\OperatorsAssignment.csproj", "{DABF4FE8-AD08-4252-960B-3CF8A2D9607C}"
EndProject
Global
	GlobalSection(SolutionConfigurationPlatforms) = preSolution
		Debug|Any CPU = Debug|Any CPU
		Release|Any CPU = Release|Any CPU
	EndGlobalSection
	GlobalSection(ProjectConfigurationPlatforms) = postSolution
		{DABF4FE8-AD08-4252-960B-3CF8A2D9607C}.Debug|Any CPU.ActiveCfg = Debug|Any CPU
		{DABF4FE8-AD08-4252-960B-3CF8A2D9607C}.Debug|Any CPU.Build.0 = Debug|Any CPU
		{DABF4FE8-AD08-4252-960B-3CF8A2D9607C}.Release|Any CPU.ActiveCfg = Release|Any CPU
		{DABF4FE8-AD08-4252-960B-3CF8A2D9607C}.Release|Any CPU.Build.0 = Release|Any CPU
	EndGlobalSection
	GlobalSection(SolutionProperties) = preSolution
		HideSolutionNode = FALSE
	EndGlobalSection
	GlobalSection(ExtensibilityGlobals) = postSolution
		SolutionGuid = {5EDE6875-FC82-49C1-9A9E-C5D6FE52058B}
	EndGlobalSection
EndGlobal
